
Microsoft Visual Studio Solution File, Format Version 12.00
# Visual Studio 15
VisualStudioVersion = 15.0.27703.2000
MinimumVisualStudioVersion = 10.0.40219.1
Project("{9A19103F-16F7-4668-BE54-9A1E7A4F7556}") = "WebApplication12", "WebApplication12\WebApplication12.csproj", "{34813F88-6C99-4FE9-A313-86EE6704BEA3}"
EndProject
Project("{FAE04EC0-301F-11D3-BF4B-00C04F79EFBC}") = "Chatalo.Repository", "Chatalo.Repository\Chatalo.Repository.csproj", "{38D3195E-1F81-416C-ACE7-FEE4BA2A5C96}"
EndProject
Project("{FAE04EC0-301F-11D3-BF4B-00C04F79EFBC}") = "Chatalo.ConsoleApp", "Chatalo.Console\Chatalo.ConsoleApp.csproj", "{50262591-CD33-4B15-83F8-727653C49B1E}"
EndProject
Global
	GlobalSection(SolutionConfigurationPlatforms) = preSolution
		Debug|Any CPU = Debug|Any CPU
		Release|Any CPU = Release|Any CPU
	EndGlobalSection
	GlobalSection(ProjectConfigurationPlatforms) = postSolution
		{34813F88-6C99-4FE9-A313-86EE6704BEA3}.Debug|Any CPU.ActiveCfg = Debug|Any CPU
		{34813F88-6C99-4FE9-A313-86EE6704BEA3}.Debug|Any CPU.Build.0 = Debug|Any CPU
		{34813F88-6C99-4FE9-A313-86EE6704BEA3}.Release|Any CPU.ActiveCfg = Release|Any CPU
		{34813F88-6C99-4FE9-A313-86EE6704BEA3}.Release|Any CPU.Build.0 = Release|Any CPU
		{38D3195E-1F81-416C-ACE7-FEE4BA2A5C96}.Debug|Any CPU.ActiveCfg = Debug|Any CPU
		{38D3195E-1F81-416C-ACE7-FEE4BA2A5C96}.Debug|Any CPU.Build.0 = Debug|Any CPU
		{38D3195E-1F81-416C-ACE7-FEE4BA2A5C96}.Release|Any CPU.ActiveCfg = Release|Any CPU
		{38D3195E-1F81-416C-ACE7-FEE4BA2A5C96}.Release|Any CPU.Build.0 = Release|Any CPU
		{50262591-CD33-4B15-83F8-727653C49B1E}.Debug|Any CPU.ActiveCfg = Debug|Any CPU
		{50262591-CD33-4B15-83F8-727653C49B1E}.Debug|Any CPU.Build.0 = Debug|Any CPU
		{50262591-CD33-4B15-83F8-727653C49B1E}.Release|Any CPU.ActiveCfg = Release|Any CPU
		{50262591-CD33-4B15-83F8-727653C49B1E}.Release|Any CPU.Build.0 = Release|Any CPU
	EndGlobalSection
	GlobalSection(SolutionProperties) = preSolution
		HideSolutionNode = FALSE
	EndGlobalSection
	GlobalSection(ExtensibilityGlobals) = postSolution
		SolutionGuid = {5DBE4FC5-34DF-4D5F-90AA-92585B102C42}
	EndGlobalSection
EndGlobal
